
Microsoft Visual Studio Solution File, Format Version 12.00
# Visual Studio Version 17
VisualStudioVersion = 17.0.31903.59
MinimumVisualStudioVersion = 10.0.40219.1
Project("{FAE04EC0-301F-11D3-BF4B-00C04F79EFBC}") = "BuberBreakfast.Contracts", "BuberBreakfast.Contracts\BuberBreakfast.Contracts.csproj", "{E8F6D25A-5B9C-4360-89CB-4CD49DC62D3B}"
EndProject
Project("{FAE04EC0-301F-11D3-BF4B-00C04F79EFBC}") = "BuberBreakfast", "BuberBreakfast\BuberBreakfast.csproj", "{CDCFC81C-232F-47E1-8E1E-2380DD8DE7AE}"
EndProject
Global
	GlobalSection(SolutionConfigurationPlatforms) = preSolution
		Debug|Any CPU = Debug|Any CPU
		Release|Any CPU = Release|Any CPU
	EndGlobalSection
	GlobalSection(SolutionProperties) = preSolution
		HideSolutionNode = FALSE
	EndGlobalSection
	GlobalSection(ProjectConfigurationPlatforms) = postSolution
		{E8F6D25A-5B9C-4360-89CB-4CD49DC62D3B}.Debug|Any CPU.ActiveCfg = Debug|Any CPU
		{E8F6D25A-5B9C-4360-89CB-4CD49DC62D3B}.Debug|Any CPU.Build.0 = Debug|Any CPU
		{E8F6D25A-5B9C-4360-89CB-4CD49DC62D3B}.Release|Any CPU.ActiveCfg = Release|Any CPU
		{E8F6D25A-5B9C-4360-89CB-4CD49DC62D3B}.Release|Any CPU.Build.0 = Release|Any CPU
		{CDCFC81C-232F-47E1-8E1E-2380DD8DE7AE}.Debug|Any CPU.ActiveCfg = Debug|Any CPU
		{CDCFC81C-232F-47E1-8E1E-2380DD8DE7AE}.Debug|Any CPU.Build.0 = Debug|Any CPU
		{CDCFC81C-232F-47E1-8E1E-2380DD8DE7AE}.Release|Any CPU.ActiveCfg = Release|Any CPU
		{CDCFC81C-232F-47E1-8E1E-2380DD8DE7AE}.Release|Any CPU.Build.0 = Release|Any CPU
	EndGlobalSection
EndGlobal
